
Microsoft Visual Studio Solution File, Format Version 12.00
# Visual Studio Version 17
VisualStudioVersion = 17.3.32929.385
MinimumVisualStudioVersion = 10.0.40219.1
Project("{9A19103F-16F7-4668-BE54-9A1E7A4F7556}") = "fib", "CodeFuse\fib.csproj", "{DA43867A-6CF2-4402-81D9-75C468C0195A}"
EndProject
Global
	GlobalSection(SolutionConfigurationPlatforms) = preSolution
		Debug|Any CPU = Debug|Any CPU
		Release|Any CPU = Release|Any CPU
	EndGlobalSection
	GlobalSection(ProjectConfigurationPlatforms) = postSolution
		{DA43867A-6CF2-4402-81D9-75C468C0195A}.Debug|Any CPU.ActiveCfg = Debug|Any CPU
		{DA43867A-6CF2-4402-81D9-75C468C0195A}.Debug|Any CPU.Build.0 = Debug|Any CPU
		{DA43867A-6CF2-4402-81D9-75C468C0195A}.Release|Any CPU.ActiveCfg = Release|Any CPU
		{DA43867A-6CF2-4402-81D9-75C468C0195A}.Release|Any CPU.Build.0 = Release|Any CPU
	EndGlobalSection
	GlobalSection(SolutionProperties) = preSolution
		HideSolutionNode = FALSE
	EndGlobalSection
	GlobalSection(ExtensibilityGlobals) = postSolution
		SolutionGuid = {DEDE5A8A-6FE1-4E01-B7CC-D9C73B959FF9}
	EndGlobalSection
EndGlobal
